
Microsoft Visual Studio Solution File, Format Version 12.00
# Visual Studio Version 17
VisualStudioVersion = 17.2.32616.157
MinimumVisualStudioVersion = 10.0.40219.1
Project("{FAE04EC0-301F-11D3-BF4B-00C04F79EFBC}") = "BankingProject", "BankingProject.csproj", "{1B98B40A-BFEA-4BCB-8C78-7A9C9D7406AD}"
EndProject
Project("{FAE04EC0-301F-11D3-BF4B-00C04F79EFBC}") = "BankingProjectUnitTest", "..\BankingProjectUnitTest\BankingProjectUnitTest.csproj", "{C80098B0-899B-4606-8883-171E4C5BF69A}"
EndProject
Global
	GlobalSection(SolutionConfigurationPlatforms) = preSolution
		Debug|Any CPU = Debug|Any CPU
		Release|Any CPU = Release|Any CPU
	EndGlobalSection
	GlobalSection(ProjectConfigurationPlatforms) = postSolution
		{1B98B40A-BFEA-4BCB-8C78-7A9C9D7406AD}.Debug|Any CPU.ActiveCfg = Debug|Any CPU
		{1B98B40A-BFEA-4BCB-8C78-7A9C9D7406AD}.Debug|Any CPU.Build.0 = Debug|Any CPU
		{1B98B40A-BFEA-4BCB-8C78-7A9C9D7406AD}.Release|Any CPU.ActiveCfg = Release|Any CPU
		{1B98B40A-BFEA-4BCB-8C78-7A9C9D7406AD}.Release|Any CPU.Build.0 = Release|Any CPU
		{C80098B0-899B-4606-8883-171E4C5BF69A}.Debug|Any CPU.ActiveCfg = Debug|Any CPU
		{C80098B0-899B-4606-8883-171E4C5BF69A}.Debug|Any CPU.Build.0 = Debug|Any CPU
		{C80098B0-899B-4606-8883-171E4C5BF69A}.Release|Any CPU.ActiveCfg = Release|Any CPU
		{C80098B0-899B-4606-8883-171E4C5BF69A}.Release|Any CPU.Build.0 = Release|Any CPU
	EndGlobalSection
	GlobalSection(SolutionProperties) = preSolution
		HideSolutionNode = FALSE
	EndGlobalSection
	GlobalSection(ExtensibilityGlobals) = postSolution
		SolutionGuid = {A8E566C1-480D-45AD-B417-DE80C39882DB}
	EndGlobalSection
EndGlobal
